// !$*UTF8*$!
{
	archiveVersion = 1;
	classes = {
	};
	objectVersion = 46;
	objects = {

/* Begin PBXBuildFile section */
		2747DD071DBDC73000EC9018 /* Explode.scnp in Resources */ = {isa = PBXBuildFile; fileRef = 2747DD061DBDC73000EC9018 /* Explode.scnp */; };
		2779D8E11DBDA93300B6540F /* Double+Extensions.swift in Sources */ = {isa = PBXBuildFile; fileRef = 2779D8DA1DBDA93300B6540F /* Double+Extensions.swift */; };
		2779D8E21DBDA93300B6540F /* Float+Extensions.swift in Sources */ = {isa = PBXBuildFile; fileRef = 2779D8DB1DBDA93300B6540F /* Float+Extensions.swift */; };
		2779D8E31DBDA93300B6540F /* GameHelper.swift in Sources */ = {isa = PBXBuildFile; fileRef = 2779D8DC1DBDA93300B6540F /* GameHelper.swift */; };
		2779D8E41DBDA93300B6540F /* Generics.swift in Sources */ = {isa = PBXBuildFile; fileRef = 2779D8DD1DBDA93300B6540F /* Generics.swift */; };
		2779D8E51DBDA93300B6540F /* Int+Extensions.swift in Sources */ = {isa = PBXBuildFile; fileRef = 2779D8DE1DBDA93300B6540F /* Int+Extensions.swift */; };
		2779D8E61DBDA93300B6540F /* SCNAction+Extensions.swift in Sources */ = {isa = PBXBuildFile; fileRef = 2779D8DF1DBDA93300B6540F /* SCNAction+Extensions.swift */; };
		2779D8E71DBDA93300B6540F /* UIColor+Extensions.swift in Sources */ = {isa = PBXBuildFile; fileRef = 2779D8E01DBDA93300B6540F /* UIColor+Extensions.swift */; };
		2779D8EB1DBDB82000B6540F /* Trail.scnp in Resources */ = {isa = PBXBuildFile; fileRef = 2779D8E91DBDB82000B6540F /* Trail.scnp */; };
		278B6CD91DB9C784007F570C /* AppDelegate.swift in Sources */ = {isa = PBXBuildFile; fileRef = 278B6CD81DB9C784007F570C /* AppDelegate.swift */; };
		278B6CDD1DB9C784007F570C /* GameViewController.swift in Sources */ = {isa = PBXBuildFile; fileRef = 278B6CDC1DB9C784007F570C /* GameViewController.swift */; };
		278B6CE01DB9C784007F570C /* Main.storyboard in Resources */ = {isa = PBXBuildFile; fileRef = 278B6CDE1DB9C784007F570C /* Main.storyboard */; };
		278B6CE21DB9C784007F570C /* Assets.xcassets in Resources */ = {isa = PBXBuildFile; fileRef = 278B6CE11DB9C784007F570C /* Assets.xcassets */; };
		278B6CE51DB9C784007F570C /* LaunchScreen.storyboard in Resources */ = {isa = PBXBuildFile; fileRef = 278B6CE31DB9C784007F570C /* LaunchScreen.storyboard */; };
		27EAE8CE1DBA16F1006A3835 /* GeometryFighter.scnassets in Resources */ = {isa = PBXBuildFile; fileRef = 27EAE8CD1DBA16F1006A3835 /* GeometryFighter.scnassets */; };
		27EAE8D01DBA3559006A3835 /* ShapeType.swift in Sources */ = {isa = PBXBuildFile; fileRef = 27EAE8CF1DBA3559006A3835 /* ShapeType.swift */; };
/* End PBXBuildFile section */

/* Begin PBXFileReference section */
		2747DD061DBDC73000EC9018 /* Explode.scnp */ = {isa = PBXFileReference; lastKnownFileType = file.scp; path = Explode.scnp; sourceTree = "<group>"; };
		2779D8DA1DBDA93300B6540F /* Double+Extensions.swift */ = {isa = PBXFileReference; fileEncoding = 4; lastKnownFileType = sourcecode.swift; path = "Double+Extensions.swift"; sourceTree = "<group>"; };
		2779D8DB1DBDA93300B6540F /* Float+Extensions.swift */ = {isa = PBXFileReference; fileEncoding = 4; lastKnownFileType = sourcecode.swift; path = "Float+Extensions.swift"; sourceTree = "<group>"; };
		2779D8DC1DBDA93300B6540F /* GameHelper.swift */ = {isa = PBXFileReference; fileEncoding = 4; lastKnownFileType = sourcecode.swift; path = GameHelper.swift; sourceTree = "<group>"; };
		2779D8DD1DBDA93300B6540F /* Generics.swift */ = {isa = PBXFileReference; fileEncoding = 4; lastKnownFileType = sourcecode.swift; path = Generics.swift; sourceTree = "<group>"; };
		2779D8DE1DBDA93300B6540F /* Int+Extensions.swift */ = {isa = PBXFileReference; fileEncoding = 4; lastKnownFileType = sourcecode.swift; path = "Int+Extensions.swift"; sourceTree = "<group>"; };
		2779D8DF1DBDA93300B6540F /* SCNAction+Extensions.swift */ = {isa = PBXFileReference; fileEncoding = 4; lastKnownFileType = sourcecode.swift; path = "SCNAction+Extensions.swift"; sourceTree = "<group>"; };
		2779D8E01DBDA93300B6540F /* UIColor+Extensions.swift */ = {isa = PBXFileReference; fileEncoding = 4; lastKnownFileType = sourcecode.swift; path = "UIColor+Extensions.swift"; sourceTree = "<group>"; };
		2779D8E91DBDB82000B6540F /* Trail.scnp */ = {isa = PBXFileReference; lastKnownFileType = file.scp; path = Trail.scnp; sourceTree = "<group>"; };
		278B6CD51DB9C784007F570C /* GeometryFighter.app */ = {isa = PBXFileReference; explicitFileType = wrapper.application; includeInIndex = 0; path = GeometryFighter.app; sourceTree = BUILT_PRODUCTS_DIR; };
		278B6CD81DB9C784007F570C /* AppDelegate.swift */ = {isa = PBXFileReference; lastKnownFileType = sourcecode.swift; path = AppDelegate.swift; sourceTree = "<group>"; };
		278B6CDC1DB9C784007F570C /* GameViewController.swift */ = {isa = PBXFileReference; lastKnownFileType = sourcecode.swift; path = GameViewController.swift; sourceTree = "<group>"; };
		278B6CDF1DB9C784007F570C /* Base */ = {isa = PBXFileReference; lastKnownFileType = file.storyboard; name = Base; path = Base.lproj/Main.storyboard; sourceTree = "<group>"; };
		278B6CE11DB9C784007F570C /* Assets.xcassets */ = {isa = PBXFileReference; lastKnownFileType = folder.assetcatalog; path = Assets.xcassets; sourceTree = "<group>"; };
		278B6CE41DB9C784007F570C /* Base */ = {isa = PBXFileReference; lastKnownFileType = file.storyboard; name = Base; path = Base.lproj/LaunchScreen.storyboard; sourceTree = "<group>"; };
		278B6CE61DB9C784007F570C /* Info.plist */ = {isa = PBXFileReference; lastKnownFileType = text.plist.xml; path = Info.plist; sourceTree = "<group>"; };
		27EAE8CD1DBA16F1006A3835 /* GeometryFighter.scnassets */ = {isa = PBXFileReference; lastKnownFileType = wrapper.scnassets; path = GeometryFighter.scnassets; sourceTree = "<group>"; };
		27EAE8CF1DBA3559006A3835 /* ShapeType.swift */ = {isa = PBXFileReference; fileEncoding = 4; lastKnownFileType = sourcecode.swift; path = ShapeType.swift; sourceTree = "<group>"; };
/* End PBXFileReference section */

/* Begin PBXFrameworksBuildPhase section */
		278B6CD21DB9C784007F570C /* Frameworks */ = {
			isa = PBXFrameworksBuildPhase;
			buildActionMask = 2147483647;
			files = (
			);
			runOnlyForDeploymentPostprocessing = 0;
		};
/* End PBXFrameworksBuildPhase section */

/* Begin PBXGroup section */
		2779D8D91DBDA93300B6540F /* GameUtils */ = {
			isa = PBXGroup;
			children = (
				2779D8DA1DBDA93300B6540F /* Double+Extensions.swift */,
				2779D8DB1DBDA93300B6540F /* Float+Extensions.swift */,
				2779D8DC1DBDA93300B6540F /* GameHelper.swift */,
				2779D8DD1DBDA93300B6540F /* Generics.swift */,
				2779D8DE1DBDA93300B6540F /* Int+Extensions.swift */,
				2779D8DF1DBDA93300B6540F /* SCNAction+Extensions.swift */,
				2779D8E01DBDA93300B6540F /* UIColor+Extensions.swift */,
			);
			path = GameUtils;
			sourceTree = "<group>";
		};
		2779D8E81DBDB7EB00B6540F /* Particles */ = {
			isa = PBXGroup;
			children = (
				2779D8E91DBDB82000B6540F /* Trail.scnp */,
				2747DD061DBDC73000EC9018 /* Explode.scnp */,
			);
			name = Particles;
			sourceTree = "<group>";
		};
		278B6CCC1DB9C784007F570C = {
			isa = PBXGroup;
			children = (
				278B6CD71DB9C784007F570C /* GeometryFighter */,
				278B6CD61DB9C784007F570C /* Products */,
			);
			sourceTree = "<group>";
		};
		278B6CD61DB9C784007F570C /* Products */ = {
			isa = PBXGroup;
			children = (
				278B6CD51DB9C784007F570C /* GeometryFighter.app */,
			);
			name = Products;
			sourceTree = "<group>";
		};
		278B6CD71DB9C784007F570C /* GeometryFighter */ = {
			isa = PBXGroup;
			children = (
				2779D8E81DBDB7EB00B6540F /* Particles */,
				2779D8D91DBDA93300B6540F /* GameUtils */,
				27EAE8CD1DBA16F1006A3835 /* GeometryFighter.scnassets */,
				278B6CD81DB9C784007F570C /* AppDelegate.swift */,
				278B6CDC1DB9C784007F570C /* GameViewController.swift */,
				278B6CDE1DB9C784007F570C /* Main.storyboard */,
				278B6CE11DB9C784007F570C /* Assets.xcassets */,
				278B6CE31DB9C784007F570C /* LaunchScreen.storyboard */,
				278B6CE61DB9C784007F570C /* Info.plist */,
				27EAE8CF1DBA3559006A3835 /* ShapeType.swift */,
			);
			path = GeometryFighter;
			sourceTree = "<group>";
		};
/* End PBXGroup section */

/* Begin PBXNativeTarget section */
		278B6CD41DB9C784007F570C /* GeometryFighter */ = {
			isa = PBXNativeTarget;
			buildConfigurationList = 278B6CE91DB9C784007F570C /* Build configuration list for PBXNativeTarget "GeometryFighter" */;
			buildPhases = (
				278B6CD11DB9C784007F570C /* Sources */,
				278B6CD21DB9C784007F570C /* Frameworks */,
				278B6CD31DB9C784007F570C /* Resources */,
			);
			buildRules = (
			);
			dependencies = (
			);
			name = GeometryFighter;
			productName = GeometryFighter;
			productReference = 278B6CD51DB9C784007F570C /* GeometryFighter.app */;
			productType = "com.apple.product-type.application";
		};
/* End PBXNativeTarget section */

/* Begin PBXProject section */
		278B6CCD1DB9C784007F570C /* Project object */ = {
			isa = PBXProject;
			attributes = {
				LastSwiftUpdateCheck = 0800;
				LastUpgradeCheck = 0800;
				ORGANIZATIONNAME = cdts;
				TargetAttributes = {
					278B6CD41DB9C784007F570C = {
						CreatedOnToolsVersion = 8.0;
						DevelopmentTeam = TE2BYM67AU;
						ProvisioningStyle = Automatic;
					};
				};
			};
			buildConfigurationList = 278B6CD01DB9C784007F570C /* Build configuration list for PBXProject "GeometryFighter" */;
			compatibilityVersion = "Xcode 3.2";
			developmentRegion = English;
			hasScannedForEncodings = 0;
			knownRegions = (
				en,
				Base,
			);
			mainGroup = 278B6CCC1DB9C784007F570C;
			productRefGroup = 278B6CD61DB9C784007F570C /* Products */;
			projectDirPath = "";
			projectRoot = "";
			targets = (
				278B6CD41DB9C784007F570C /* GeometryFighter */,
			);
		};
/* End PBXProject section */

/* Begin PBXResourcesBuildPhase section */
		278B6CD31DB9C784007F570C /* Resources */ = {
			isa = PBXResourcesBuildPhase;
			buildActionMask = 2147483647;
			files = (
				2779D8EB1DBDB82000B6540F /* Trail.scnp in Resources */,
				278B6CE51DB9C784007F570C /* LaunchScreen.storyboard in Resources */,
				278B6CE21DB9C784007F570C /* Assets.xcassets in Resources */,
				278B6CE01DB9C784007F570C /* Main.storyboard in Resources */,
				27EAE8CE1DBA16F1006A3835 /* GeometryFighter.scnassets in Resources */,
				2747DD071DBDC73000EC9018 /* Explode.scnp in Resources */,
			);
			runOnlyForDeploymentPostprocessing = 0;
		};
/* End PBXResourcesBuildPhase section */

/* Begin PBXSourcesBuildPhase section */
		278B6CD11DB9C784007F570C /* Sources */ = {
			isa = PBXSourcesBuildPhase;
			buildActionMask = 2147483647;
			files = (
				2779D8E21DBDA93300B6540F /* Float+Extensions.swift in Sources */,
				2779D8E71DBDA93300B6540F /* UIColor+Extensions.swift in Sources */,
				2779D8E11DBDA93300B6540F /* Double+Extensions.swift in Sources */,
				2779D8E61DBDA93300B6540F /* SCNAction+Extensions.swift in Sources */,
				2779D8E41DBDA93300B6540F /* Generics.swift in Sources */,
				278B6CDD1DB9C784007F570C /* GameViewController.swift in Sources */,
				27EAE8D01DBA3559006A3835 /* ShapeType.swift in Sources */,
				2779D8E51DBDA93300B6540F /* Int+Extensions.swift in Sources */,
				278B6CD91DB9C784007F570C /* AppDelegate.swift in Sources */,
				2779D8E31DBDA93300B6540F /* GameHelper.swift in Sources */,
			);
			runOnlyForDeploymentPostprocessing = 0;
		};
/* End PBXSourcesBuildPhase section */

/* Begin PBXVariantGroup section */
		278B6CDE1DB9C784007F570C /* Main.storyboard */ = {
			isa = PBXVariantGroup;
			children = (
				278B6CDF1DB9C784007F570C /* Base */,
			);
			name = Main.storyboard;
			sourceTree = "<group>";
		};
		278B6CE31DB9C784007F570C /* LaunchScreen.storyboard */ = {
			isa = PBXVariantGroup;
			children = (
				278B6CE41DB9C784007F570C /* Base */,
			);
			name = LaunchScreen.storyboard;
			sourceTree = "<group>";
		};
/* End PBXVariantGroup section */

/* Begin XCBuildConfiguration section */
		278B6CE71DB9C784007F570C /* Debug */ = {
			isa = XCBuildConfiguration;
			buildSettings = {
				ALWAYS_SEARCH_USER_PATHS = NO;
				CLANG_ANALYZER_NONNULL = YES;
				CLANG_CXX_LANGUAGE_STANDARD = "gnu++0x";
				CLANG_CXX_LIBRARY = "libc++";
				CLANG_ENABLE_MODULES = YES;
				CLANG_ENABLE_OBJC_ARC = YES;
				CLANG_WARN_BOOL_CONVERSION = YES;
				CLANG_WARN_CONSTANT_CONVERSION = YES;
				CLANG_WARN_DIRECT_OBJC_ISA_USAGE = YES_ERROR;
				CLANG_WARN_DOCUMENTATION_COMMENTS = YES;
				CLANG_WARN_EMPTY_BODY = YES;
				CLANG_WARN_ENUM_CONVERSION = YES;
				CLANG_WARN_INFINITE_RECURSION = YES;
				CLANG_WARN_INT_CONVERSION = YES;
				CLANG_WARN_OBJC_ROOT_CLASS = YES_ERROR;
				CLANG_WARN_SUSPICIOUS_MOVES = YES;
				CLANG_WARN_UNREACHABLE_CODE = YES;
				CLANG_WARN__DUPLICATE_METHOD_MATCH = YES;
				"CODE_SIGN_IDENTITY[sdk=iphoneos*]" = "iPhone Developer";
				COPY_PHASE_STRIP = NO;
				DEBUG_INFORMATION_FORMAT = dwarf;
				ENABLE_STRICT_OBJC_MSGSEND = YES;
				ENABLE_TESTABILITY = YES;
				GCC_C_LANGUAGE_STANDARD = gnu99;
				GCC_DYNAMIC_NO_PIC = NO;
				GCC_NO_COMMON_BLOCKS = YES;
				GCC_OPTIMIZATION_LEVEL = 0;
				GCC_PREPROCESSOR_DEFINITIONS = (
					"DEBUG=1",
					"$(inherited)",
				);
				GCC_WARN_64_TO_32_BIT_CONVERSION = YES;
				GCC_WARN_ABOUT_RETURN_TYPE = YES_ERROR;
				GCC_WARN_UNDECLARED_SELECTOR = YES;
				GCC_WARN_UNINITIALIZED_AUTOS = YES_AGGRESSIVE;
				GCC_WARN_UNUSED_FUNCTION = YES;
				GCC_WARN_UNUSED_VARIABLE = YES;
				IPHONEOS_DEPLOYMENT_TARGET = 10.0;
				MTL_ENABLE_DEBUG_INFO = YES;
				ONLY_ACTIVE_ARCH = YES;
				SDKROOT = iphoneos;
				SWIFT_ACTIVE_COMPILATION_CONDITIONS = DEBUG;
				SWIFT_OPTIMIZATION_LEVEL = "-Onone";
				TARGETED_DEVICE_FAMILY = "1,2";
			};
			name = Debug;
		};
		278B6CE81DB9C784007F570C /* Release */ = {
			isa = XCBuildConfiguration;
			buildSettings = {
				ALWAYS_SEARCH_USER_PATHS = NO;
				CLANG_ANALYZER_NONNULL = YES;
				CLANG_CXX_LANGUAGE_STANDARD = "gnu++0x";
				CLANG_CXX_LIBRARY = "libc++";
				CLANG_ENABLE_MODULES = YES;
				CLANG_ENABLE_OBJC_ARC = YES;
				CLANG_WARN_BOOL_CONVERSION = YES;
				CLANG_WARN_CONSTANT_CONVERSION = YES;
				CLANG_WARN_DIRECT_OBJC_ISA_USAGE = YES_ERROR;
				CLANG_WARN_DOCUMENTATION_COMMENTS = YES;
				CLANG_WARN_EMPTY_BODY = YES;
				CLANG_WARN_ENUM_CONVERSION = YES;
				CLANG_WARN_INFINITE_RECURSION = YES;
				CLANG_WARN_INT_CONVERSION = YES;
				CLANG_WARN_OBJC_ROOT_CLASS = YES_ERROR;
				CLANG_WARN_SUSPICIOUS_MOVES = YES;
				CLANG_WARN_UNREACHABLE_CODE = YES;
				CLANG_WARN__DUPLICATE_METHOD_MATCH = YES;
				"CODE_SIGN_IDENTITY[sdk=iphoneos*]" = "iPhone Developer";
				COPY_PHASE_STRIP = NO;
				DEBUG_INFORMATION_FORMAT = "dwarf-with-dsym";
				ENABLE_NS_ASSERTIONS = NO;
				ENABLE_STRICT_OBJC_MSGSEND = YES;
				GCC_C_LANGUAGE_STANDARD = gnu99;
				GCC_NO_COMMON_BLOCKS = YES;
				GCC_WARN_64_TO_32_BIT_CONVERSION = YES;
				GCC_WARN_ABOUT_RETURN_TYPE = YES_ERROR;
				GCC_WARN_UNDECLARED_SELECTOR = YES;
				GCC_WARN_UNINITIALIZED_AUTOS = YES_AGGRESSIVE;
				GCC_WARN_UNUSED_FUNCTION = YES;
				GCC_WARN_UNUSED_VARIABLE = YES;
				IPHONEOS_DEPLOYMENT_TARGET = 10.0;
				MTL_ENABLE_DEBUG_INFO = NO;
				SDKROOT = iphoneos;
				SWIFT_OPTIMIZATION_LEVEL = "-Owholemodule";
				TARGETED_DEVICE_FAMILY = "1,2";
				VALIDATE_PRODUCT = YES;
			};
			name = Release;
		};
		278B6CEA1DB9C784007F570C /* Debug */ = {
			isa = XCBuildConfiguration;
			buildSettings = {
				ASSETCATALOG_COMPILER_APPICON_NAME = AppIcon;
				DEVELOPMENT_TEAM = TE2BYM67AU;
				INFOPLIST_FILE = GeometryFighter/Info.plist;
				LD_RUNPATH_SEARCH_PATHS = "$(inherited) @executable_path/Frameworks";
				PRODUCT_BUNDLE_IDENTIFIER = com.cdts.GeometryFighter;
				PRODUCT_NAME = "$(TARGET_NAME)";
				SWIFT_VERSION = 3.0;
			};
			name = Debug;
		};
		278B6CEB1DB9C784007F570C /* Release */ = {
			isa = XCBuildConfiguration;
			buildSettings = {
				ASSETCATALOG_COMPILER_APPICON_NAME = AppIcon;
				DEVELOPMENT_TEAM = TE2BYM67AU;
				INFOPLIST_FILE = GeometryFighter/Info.plist;
				LD_RUNPATH_SEARCH_PATHS = "$(inherited) @executable_path/Frameworks";
				PRODUCT_BUNDLE_IDENTIFIER = com.cdts.GeometryFighter;
				PRODUCT_NAME = "$(TARGET_NAME)";
				SWIFT_VERSION = 3.0;
			};
			name = Release;
		};
/* End XCBuildConfiguration section */

/* Begin XCConfigurationList section */
		278B6CD01DB9C784007F570C /* Build configuration list for PBXProject "GeometryFighter" */ = {
			isa = XCConfigurationList;
			buildConfigurations = (
				278B6CE71DB9C784007F570C /* Debug */,
				278B6CE81DB9C784007F570C /* Release */,
			);
			defaultConfigurationIsVisible = 0;
			defaultConfigurationName = Release;
		};
		278B6CE91DB9C784007F570C /* Build configuration list for PBXNativeTarget "GeometryFighter" */ = {
			isa = XCConfigurationList;
			buildConfigurations = (
				278B6CEA1DB9C784007F570C /* Debug */,
				278B6CEB1DB9C784007F570C /* Release */,
			);
			defaultConfigurationIsVisible = 0;
			defaultConfigurationName = Release;
		};
/* End XCConfigurationList section */
	};
	rootObject = 278B6CCD1DB9C784007F570C /* Project object */;
}
